
Microsoft Visual Studio Solution File, Format Version 12.00
# Visual Studio 14
VisualStudioVersion = 14.0.24720.0
MinimumVisualStudioVersion = 10.0.40219.1
Project("{FAE04EC0-301F-11D3-BF4B-00C04F79EFBC}") = "Injectionist", "Injectionist\Injectionist.csproj", "{E932E1E7-A35D-4E3F-9946-D17E61DE608A}"
EndProject
Project("{FAE04EC0-301F-11D3-BF4B-00C04F79EFBC}") = "Injectionist.Tests", "Injectionist.Tests\Injectionist.Tests.csproj", "{50943E6A-6E55-4BB7-951D-82AF6EEA4FA7}"
EndProject
Project("{2150E333-8FDC-42A3-9474-1A3956D46DE8}") = "Solution Items", "Solution Items", "{5869182E-512A-4E2F-A7D0-6B3BDECDDE94}"
	ProjectSection(SolutionItems) = preProject
		CHANGELOG.md = CHANGELOG.md
		LICENSE.md = LICENSE.md
		publish.bat = publish.bat
		README.md = README.md
	EndProjectSection
EndProject
Global
	GlobalSection(SolutionConfigurationPlatforms) = preSolution
		Debug|Any CPU = Debug|Any CPU
		Release|Any CPU = Release|Any CPU
	EndGlobalSection
	GlobalSection(ProjectConfigurationPlatforms) = postSolution
		{E932E1E7-A35D-4E3F-9946-D17E61DE608A}.Debug|Any CPU.ActiveCfg = Debug|Any CPU
		{E932E1E7-A35D-4E3F-9946-D17E61DE608A}.Debug|Any CPU.Build.0 = Debug|Any CPU
		{E932E1E7-A35D-4E3F-9946-D17E61DE608A}.Release|Any CPU.ActiveCfg = Release|Any CPU
		{E932E1E7-A35D-4E3F-9946-D17E61DE608A}.Release|Any CPU.Build.0 = Release|Any CPU
		{50943E6A-6E55-4BB7-951D-82AF6EEA4FA7}.Debug|Any CPU.ActiveCfg = Debug|Any CPU
		{50943E6A-6E55-4BB7-951D-82AF6EEA4FA7}.Debug|Any CPU.Build.0 = Debug|Any CPU
		{50943E6A-6E55-4BB7-951D-82AF6EEA4FA7}.Release|Any CPU.ActiveCfg = Release|Any CPU
		{50943E6A-6E55-4BB7-951D-82AF6EEA4FA7}.Release|Any CPU.Build.0 = Release|Any CPU
	EndGlobalSection
	GlobalSection(SolutionProperties) = preSolution
		HideSolutionNode = FALSE
	EndGlobalSection
EndGlobal
